// !$*UTF8*$!
{
	archiveVersion = 1;
	classes = {
	};
	objectVersion = 50;
	objects = {

/* Begin PBXBuildFile section */
		004FE43A211D744200D9FB69 /* AppDelegate.swift in Sources */ = {isa = PBXBuildFile; fileRef = 004FE439211D744200D9FB69 /* AppDelegate.swift */; };
		004FE43C211D744200D9FB69 /* ViewController.swift in Sources */ = {isa = PBXBuildFile; fileRef = 004FE43B211D744200D9FB69 /* ViewController.swift */; };
		004FE43F211D744200D9FB69 /* Main.storyboard in Resources */ = {isa = PBXBuildFile; fileRef = 004FE43D211D744200D9FB69 /* Main.storyboard */; };
		004FE441211D744300D9FB69 /* Assets.xcassets in Resources */ = {isa = PBXBuildFile; fileRef = 004FE440211D744300D9FB69 /* Assets.xcassets */; };
		004FE444211D744300D9FB69 /* LaunchScreen.storyboard in Resources */ = {isa = PBXBuildFile; fileRef = 004FE442211D744300D9FB69 /* LaunchScreen.storyboard */; };
		00A588A62121831C0014E3BE /* CIProjectTests.swift in Sources */ = {isa = PBXBuildFile; fileRef = 00A588A52121831C0014E3BE /* CIProjectTests.swift */; };
/* End PBXBuildFile section */

/* Begin PBXContainerItemProxy section */
		00A588A82121831C0014E3BE /* PBXContainerItemProxy */ = {
			isa = PBXContainerItemProxy;
			containerPortal = 004FE42E211D744200D9FB69 /* Project object */;
			proxyType = 1;
			remoteGlobalIDString = 004FE435211D744200D9FB69;
			remoteInfo = CIProject;
		};
/* End PBXContainerItemProxy section */

/* Begin PBXFileReference section */
		004FE436211D744200D9FB69 /* CIProject.app */ = {isa = PBXFileReference; explicitFileType = wrapper.application; includeInIndex = 0; path = CIProject.app; sourceTree = BUILT_PRODUCTS_DIR; };
		004FE439211D744200D9FB69 /* AppDelegate.swift */ = {isa = PBXFileReference; lastKnownFileType = sourcecode.swift; path = AppDelegate.swift; sourceTree = "<group>"; };
		004FE43B211D744200D9FB69 /* ViewController.swift */ = {isa = PBXFileReference; lastKnownFileType = sourcecode.swift; path = ViewController.swift; sourceTree = "<group>"; };
		004FE43E211D744200D9FB69 /* Base */ = {isa = PBXFileReference; lastKnownFileType = file.storyboard; name = Base; path = Base.lproj/Main.storyboard; sourceTree = "<group>"; };
		004FE440211D744300D9FB69 /* Assets.xcassets */ = {isa = PBXFileReference; lastKnownFileType = folder.assetcatalog; path = Assets.xcassets; sourceTree = "<group>"; };
		004FE443211D744300D9FB69 /* Base */ = {isa = PBXFileReference; lastKnownFileType = file.storyboard; name = Base; path = Base.lproj/LaunchScreen.storyboard; sourceTree = "<group>"; };
		004FE445211D744300D9FB69 /* Info.plist */ = {isa = PBXFileReference; lastKnownFileType = text.plist.xml; path = Info.plist; sourceTree = "<group>"; };
		00A588A32121831B0014E3BE /* CIProjectTests.xctest */ = {isa = PBXFileReference; explicitFileType = wrapper.cfbundle; includeInIndex = 0; path = CIProjectTests.xctest; sourceTree = BUILT_PRODUCTS_DIR; };
		00A588A52121831C0014E3BE /* CIProjectTests.swift */ = {isa = PBXFileReference; lastKnownFileType = sourcecode.swift; path = CIProjectTests.swift; sourceTree = "<group>"; };
		00A588A72121831C0014E3BE /* Info.plist */ = {isa = PBXFileReference; lastKnownFileType = text.plist.xml; path = Info.plist; sourceTree = "<group>"; };
/* End PBXFileReference section */

/* Begin PBXFrameworksBuildPhase section */
		004FE433211D744200D9FB69 /* Frameworks */ = {
			isa = PBXFrameworksBuildPhase;
			buildActionMask = 2147483647;
			files = (
			);
			runOnlyForDeploymentPostprocessing = 0;
		};
		00A588A02121831B0014E3BE /* Frameworks */ = {
			isa = PBXFrameworksBuildPhase;
			buildActionMask = 2147483647;
			files = (
			);
			runOnlyForDeploymentPostprocessing = 0;
		};
/* End PBXFrameworksBuildPhase section */

/* Begin PBXGroup section */
		004FE42D211D744200D9FB69 = {
			isa = PBXGroup;
			children = (
				004FE438211D744200D9FB69 /* CIProject */,
				00A588A42121831C0014E3BE /* CIProjectTests */,
				004FE437211D744200D9FB69 /* Products */,
			);
			sourceTree = "<group>";
		};
		004FE437211D744200D9FB69 /* Products */ = {
			isa = PBXGroup;
			children = (
				004FE436211D744200D9FB69 /* CIProject.app */,
				00A588A32121831B0014E3BE /* CIProjectTests.xctest */,
			);
			name = Products;
			sourceTree = "<group>";
		};
		004FE438211D744200D9FB69 /* CIProject */ = {
			isa = PBXGroup;
			children = (
				004FE439211D744200D9FB69 /* AppDelegate.swift */,
				004FE43B211D744200D9FB69 /* ViewController.swift */,
				004FE43D211D744200D9FB69 /* Main.storyboard */,
				004FE440211D744300D9FB69 /* Assets.xcassets */,
				004FE442211D744300D9FB69 /* LaunchScreen.storyboard */,
				004FE445211D744300D9FB69 /* Info.plist */,
			);
			path = CIProject;
			sourceTree = "<group>";
		};
		00A588A42121831C0014E3BE /* CIProjectTests */ = {
			isa = PBXGroup;
			children = (
				00A588A52121831C0014E3BE /* CIProjectTests.swift */,
				00A588A72121831C0014E3BE /* Info.plist */,
			);
			path = CIProjectTests;
			sourceTree = "<group>";
		};
/* End PBXGroup section */

/* Begin PBXNativeTarget section */
		004FE435211D744200D9FB69 /* CIProject */ = {
			isa = PBXNativeTarget;
			buildConfigurationList = 004FE448211D744300D9FB69 /* Build configuration list for PBXNativeTarget "CIProject" */;
			buildPhases = (
				004FE432211D744200D9FB69 /* Sources */,
				004FE433211D744200D9FB69 /* Frameworks */,
				004FE434211D744200D9FB69 /* Resources */,
			);
			buildRules = (
			);
			dependencies = (
			);
			name = CIProject;
			productName = CIProject;
			productReference = 004FE436211D744200D9FB69 /* CIProject.app */;
			productType = "com.apple.product-type.application";
		};
		00A588A22121831B0014E3BE /* CIProjectTests */ = {
			isa = PBXNativeTarget;
			buildConfigurationList = 00A588AC2121831C0014E3BE /* Build configuration list for PBXNativeTarget "CIProjectTests" */;
			buildPhases = (
				00A5889F2121831B0014E3BE /* Sources */,
				00A588A02121831B0014E3BE /* Frameworks */,
				00A588A12121831B0014E3BE /* Resources */,
			);
			buildRules = (
			);
			dependencies = (
				00A588A92121831C0014E3BE /* PBXTargetDependency */,
			);
			name = CIProjectTests;
			productName = CIProjectTests;
			productReference = 00A588A32121831B0014E3BE /* CIProjectTests.xctest */;
			productType = "com.apple.product-type.bundle.unit-test";
		};
/* End PBXNativeTarget section */

/* Begin PBXProject section */
		004FE42E211D744200D9FB69 /* Project object */ = {
			isa = PBXProject;
			attributes = {
				LastSwiftUpdateCheck = 0930;
				LastUpgradeCheck = 0930;
				ORGANIZATIONNAME = Deepak;
				TargetAttributes = {
					004FE435211D744200D9FB69 = {
						CreatedOnToolsVersion = 9.3;
					};
					00A588A22121831B0014E3BE = {
						CreatedOnToolsVersion = 9.3;
						TestTargetID = 004FE435211D744200D9FB69;
					};
				};
			};
			buildConfigurationList = 004FE431211D744200D9FB69 /* Build configuration list for PBXProject "CIProject" */;
			compatibilityVersion = "Xcode 9.3";
			developmentRegion = en;
			hasScannedForEncodings = 0;
			knownRegions = (
				en,
				Base,
			);
			mainGroup = 004FE42D211D744200D9FB69;
			productRefGroup = 004FE437211D744200D9FB69 /* Products */;
			projectDirPath = "";
			projectRoot = "";
			targets = (
				004FE435211D744200D9FB69 /* CIProject */,
				00A588A22121831B0014E3BE /* CIProjectTests */,
			);
		};
/* End PBXProject section */

/* Begin PBXResourcesBuildPhase section */
		004FE434211D744200D9FB69 /* Resources */ = {
			isa = PBXResourcesBuildPhase;
			buildActionMask = 2147483647;
			files = (
				004FE444211D744300D9FB69 /* LaunchScreen.storyboard in Resources */,
				004FE441211D744300D9FB69 /* Assets.xcassets in Resources */,
				004FE43F211D744200D9FB69 /* Main.storyboard in Resources */,
			);
			runOnlyForDeploymentPostprocessing = 0;
		};
		00A588A12121831B0014E3BE /* Resources */ = {
			isa = PBXResourcesBuildPhase;
			buildActionMask = 2147483647;
			files = (
			);
			runOnlyForDeploymentPostprocessing = 0;
		};
/* End PBXResourcesBuildPhase section */

/* Begin PBXSourcesBuildPhase section */
		004FE432211D744200D9FB69 /* Sources */ = {
			isa = PBXSourcesBuildPhase;
			buildActionMask = 2147483647;
			files = (
				004FE43C211D744200D9FB69 /* ViewController.swift in Sources */,
				004FE43A211D744200D9FB69 /* AppDelegate.swift in Sources */,
			);
			runOnlyForDeploymentPostprocessing = 0;
		};
		00A5889F2121831B0014E3BE /* Sources */ = {
			isa = PBXSourcesBuildPhase;
			buildActionMask = 2147483647;
			files = (
				00A588A62121831C0014E3BE /* CIProjectTests.swift in Sources */,
			);
			runOnlyForDeploymentPostprocessing = 0;
		};
/* End PBXSourcesBuildPhase section */

/* Begin PBXTargetDependency section */
		00A588A92121831C0014E3BE /* PBXTargetDependency */ = {
			isa = PBXTargetDependency;
			target = 004FE435211D744200D9FB69 /* CIProject */;
			targetProxy = 00A588A82121831C0014E3BE /* PBXContainerItemProxy */;
		};
/* End PBXTargetDependency section */

/* Begin PBXVariantGroup section */
		004FE43D211D744200D9FB69 /* Main.storyboard */ = {
			isa = PBXVariantGroup;
			children = (
				004FE43E211D744200D9FB69 /* Base */,
			);
			name = Main.storyboard;
			sourceTree = "<group>";
		};
		004FE442211D744300D9FB69 /* LaunchScreen.storyboard */ = {
			isa = PBXVariantGroup;
			children = (
				004FE443211D744300D9FB69 /* Base */,
			);
			name = LaunchScreen.storyboard;
			sourceTree = "<group>";
		};
/* End PBXVariantGroup section */

/* Begin XCBuildConfiguration section */
		004FE446211D744300D9FB69 /* Debug */ = {
			isa = XCBuildConfiguration;
			buildSettings = {
				ALWAYS_SEARCH_USER_PATHS = NO;
				CLANG_ANALYZER_NONNULL = YES;
				CLANG_ANALYZER_NUMBER_OBJECT_CONVERSION = YES_AGGRESSIVE;
				CLANG_CXX_LANGUAGE_STANDARD = "gnu++14";
				CLANG_CXX_LIBRARY = "libc++";
				CLANG_ENABLE_MODULES = YES;
				CLANG_ENABLE_OBJC_ARC = YES;
				CLANG_ENABLE_OBJC_WEAK = YES;
				CLANG_WARN_BLOCK_CAPTURE_AUTORELEASING = YES;
				CLANG_WARN_BOOL_CONVERSION = YES;
				CLANG_WARN_COMMA = YES;
				CLANG_WARN_CONSTANT_CONVERSION = YES;
				CLANG_WARN_DEPRECATED_OBJC_IMPLEMENTATIONS = YES;
				CLANG_WARN_DIRECT_OBJC_ISA_USAGE = YES_ERROR;
				CLANG_WARN_DOCUMENTATION_COMMENTS = YES;
				CLANG_WARN_EMPTY_BODY = YES;
				CLANG_WARN_ENUM_CONVERSION = YES;
				CLANG_WARN_INFINITE_RECURSION = YES;
				CLANG_WARN_INT_CONVERSION = YES;
				CLANG_WARN_NON_LITERAL_NULL_CONVERSION = YES;
				CLANG_WARN_OBJC_IMPLICIT_RETAIN_SELF = YES;
				CLANG_WARN_OBJC_LITERAL_CONVERSION = YES;
				CLANG_WARN_OBJC_ROOT_CLASS = YES_ERROR;
				CLANG_WARN_RANGE_LOOP_ANALYSIS = YES;
				CLANG_WARN_STRICT_PROTOTYPES = YES;
				CLANG_WARN_SUSPICIOUS_MOVE = YES;
				CLANG_WARN_UNGUARDED_AVAILABILITY = YES_AGGRESSIVE;
				CLANG_WARN_UNREACHABLE_CODE = YES;
				CLANG_WARN__DUPLICATE_METHOD_MATCH = YES;
				CODE_SIGN_IDENTITY = "iPhone Developer";
				COPY_PHASE_STRIP = NO;
				DEBUG_INFORMATION_FORMAT = dwarf;
				ENABLE_STRICT_OBJC_MSGSEND = YES;
				ENABLE_TESTABILITY = YES;
				GCC_C_LANGUAGE_STANDARD = gnu11;
				GCC_DYNAMIC_NO_PIC = NO;
				GCC_NO_COMMON_BLOCKS = YES;
				GCC_OPTIMIZATION_LEVEL = 0;
				GCC_PREPROCESSOR_DEFINITIONS = (
					"DEBUG=1",
					"$(inherited)",
				);
				GCC_WARN_64_TO_32_BIT_CONVERSION = YES;
				GCC_WARN_ABOUT_RETURN_TYPE = YES_ERROR;
				GCC_WARN_UNDECLARED_SELECTOR = YES;
				GCC_WARN_UNINITIALIZED_AUTOS = YES_AGGRESSIVE;
				GCC_WARN_UNUSED_FUNCTION = YES;
				GCC_WARN_UNUSED_VARIABLE = YES;
				IPHONEOS_DEPLOYMENT_TARGET = 11.3;
				MTL_ENABLE_DEBUG_INFO = YES;
				ONLY_ACTIVE_ARCH = YES;
				SDKROOT = iphoneos;
				SWIFT_ACTIVE_COMPILATION_CONDITIONS = DEBUG;
				SWIFT_OPTIMIZATION_LEVEL = "-Onone";
			};
			name = Debug;
		};
		004FE447211D744300D9FB69 /* Release */ = {
			isa = XCBuildConfiguration;
			buildSettings = {
				ALWAYS_SEARCH_USER_PATHS = NO;
				CLANG_ANALYZER_NONNULL = YES;
				CLANG_ANALYZER_NUMBER_OBJECT_CONVERSION = YES_AGGRESSIVE;
				CLANG_CXX_LANGUAGE_STANDARD = "gnu++14";
				CLANG_CXX_LIBRARY = "libc++";
				CLANG_ENABLE_MODULES = YES;
				CLANG_ENABLE_OBJC_ARC = YES;
				CLANG_ENABLE_OBJC_WEAK = YES;
				CLANG_WARN_BLOCK_CAPTURE_AUTORELEASING = YES;
				CLANG_WARN_BOOL_CONVERSION = YES;
				CLANG_WARN_COMMA = YES;
				CLANG_WARN_CONSTANT_CONVERSION = YES;
				CLANG_WARN_DEPRECATED_OBJC_IMPLEMENTATIONS = YES;
				CLANG_WARN_DIRECT_OBJC_ISA_USAGE = YES_ERROR;
				CLANG_WARN_DOCUMENTATION_COMMENTS = YES;
				CLANG_WARN_EMPTY_BODY = YES;
				CLANG_WARN_ENUM_CONVERSION = YES;
				CLANG_WARN_INFINITE_RECURSION = YES;
				CLANG_WARN_INT_CONVERSION = YES;
				CLANG_WARN_NON_LITERAL_NULL_CONVERSION = YES;
				CLANG_WARN_OBJC_IMPLICIT_RETAIN_SELF = YES;
				CLANG_WARN_OBJC_LITERAL_CONVERSION = YES;
				CLANG_WARN_OBJC_ROOT_CLASS = YES_ERROR;
				CLANG_WARN_RANGE_LOOP_ANALYSIS = YES;
				CLANG_WARN_STRICT_PROTOTYPES = YES;
				CLANG_WARN_SUSPICIOUS_MOVE = YES;
				CLANG_WARN_UNGUARDED_AVAILABILITY = YES_AGGRESSIVE;
				CLANG_WARN_UNREACHABLE_CODE = YES;
				CLANG_WARN__DUPLICATE_METHOD_MATCH = YES;
				CODE_SIGN_IDENTITY = "iPhone Developer";
				COPY_PHASE_STRIP = NO;
				DEBUG_INFORMATION_FORMAT = "dwarf-with-dsym";
				ENABLE_NS_ASSERTIONS = NO;
				ENABLE_STRICT_OBJC_MSGSEND = YES;
				GCC_C_LANGUAGE_STANDARD = gnu11;
				GCC_NO_COMMON_BLOCKS = YES;
				GCC_WARN_64_TO_32_BIT_CONVERSION = YES;
				GCC_WARN_ABOUT_RETURN_TYPE = YES_ERROR;
				GCC_WARN_UNDECLARED_SELECTOR = YES;
				GCC_WARN_UNINITIALIZED_AUTOS = YES_AGGRESSIVE;
				GCC_WARN_UNUSED_FUNCTION = YES;
				GCC_WARN_UNUSED_VARIABLE = YES;
				IPHONEOS_DEPLOYMENT_TARGET = 11.3;
				MTL_ENABLE_DEBUG_INFO = NO;
				SDKROOT = iphoneos;
				SWIFT_COMPILATION_MODE = wholemodule;
				SWIFT_OPTIMIZATION_LEVEL = "-O";
				VALIDATE_PRODUCT = YES;
			};
			name = Release;
		};
		004FE449211D744300D9FB69 /* Debug */ = {
			isa = XCBuildConfiguration;
			buildSettings = {
				ASSETCATALOG_COMPILER_APPICON_NAME = AppIcon;
				CODE_SIGN_STYLE = Manual;
				DEVELOPMENT_TEAM = "";
				INFOPLIST_FILE = CIProject/Info.plist;
				LD_RUNPATH_SEARCH_PATHS = (
					"$(inherited)",
					"@executable_path/Frameworks",
				);
				PRODUCT_BUNDLE_IDENTIFIER = com.sf.CIProject;
				PRODUCT_NAME = "$(TARGET_NAME)";
				PROVISIONING_PROFILE_SPECIFIER = "";
				SWIFT_VERSION = 4.0;
				TARGETED_DEVICE_FAMILY = "1,2";
			};
			name = Debug;
		};
		004FE44A211D744300D9FB69 /* Release */ = {
			isa = XCBuildConfiguration;
			buildSettings = {
				ASSETCATALOG_COMPILER_APPICON_NAME = AppIcon;
				CODE_SIGN_STYLE = Manual;
				DEVELOPMENT_TEAM = "";
				INFOPLIST_FILE = CIProject/Info.plist;
				LD_RUNPATH_SEARCH_PATHS = (
					"$(inherited)",
					"@executable_path/Frameworks",
				);
				PRODUCT_BUNDLE_IDENTIFIER = com.sf.CIProject;
				PRODUCT_NAME = "$(TARGET_NAME)";
				PROVISIONING_PROFILE_SPECIFIER = "";
				SWIFT_VERSION = 4.0;
				TARGETED_DEVICE_FAMILY = "1,2";
			};
			name = Release;
		};
		00A588AA2121831C0014E3BE /* Debug */ = {
			isa = XCBuildConfiguration;
			buildSettings = {
				BUNDLE_LOADER = "$(TEST_HOST)";
				CODE_SIGN_STYLE = Automatic;
				DEVELOPMENT_TEAM = BPK2VKJAV4;
				INFOPLIST_FILE = CIProjectTests/Info.plist;
				LD_RUNPATH_SEARCH_PATHS = (
					"$(inherited)",
					"@executable_path/Frameworks",
					"@loader_path/Frameworks",
				);
				PRODUCT_BUNDLE_IDENTIFIER = com.sf.CIProjectTests;
				PRODUCT_NAME = "$(TARGET_NAME)";
				SWIFT_VERSION = 4.0;
				TARGETED_DEVICE_FAMILY = "1,2";
				TEST_HOST = "$(BUILT_PRODUCTS_DIR)/CIProject.app/CIProject";
			};
			name = Debug;
		};
		00A588AB2121831C0014E3BE /* Release */ = {
			isa = XCBuildConfiguration;
			buildSettings = {
				BUNDLE_LOADER = "$(TEST_HOST)";
				CODE_SIGN_STYLE = Automatic;
				DEVELOPMENT_TEAM = BPK2VKJAV4;
				INFOPLIST_FILE = CIProjectTests/Info.plist;
				LD_RUNPATH_SEARCH_PATHS = (
					"$(inherited)",
					"@executable_path/Frameworks",
					"@loader_path/Frameworks",
				);
				PRODUCT_BUNDLE_IDENTIFIER = com.sf.CIProjectTests;
				PRODUCT_NAME = "$(TARGET_NAME)";
				SWIFT_VERSION = 4.0;
				TARGETED_DEVICE_FAMILY = "1,2";
				TEST_HOST = "$(BUILT_PRODUCTS_DIR)/CIProject.app/CIProject";
			};
			name = Release;
		};
/* End XCBuildConfiguration section */

/* Begin XCConfigurationList section */
		004FE431211D744200D9FB69 /* Build configuration list for PBXProject "CIProject" */ = {
			isa = XCConfigurationList;
			buildConfigurations = (
				004FE446211D744300D9FB69 /* Debug */,
				004FE447211D744300D9FB69 /* Release */,
			);
			defaultConfigurationIsVisible = 0;
			defaultConfigurationName = Release;
		};
		004FE448211D744300D9FB69 /* Build configuration list for PBXNativeTarget "CIProject" */ = {
			isa = XCConfigurationList;
			buildConfigurations = (
				004FE449211D744300D9FB69 /* Debug */,
				004FE44A211D744300D9FB69 /* Release */,
			);
			defaultConfigurationIsVisible = 0;
			defaultConfigurationName = Release;
		};
		00A588AC2121831C0014E3BE /* Build configuration list for PBXNativeTarget "CIProjectTests" */ = {
			isa = XCConfigurationList;
			buildConfigurations = (
				00A588AA2121831C0014E3BE /* Debug */,
				00A588AB2121831C0014E3BE /* Release */,
			);
			defaultConfigurationIsVisible = 0;
			defaultConfigurationName = Release;
		};
/* End XCConfigurationList section */
	};
	rootObject = 004FE42E211D744200D9FB69 /* Project object */;
}
